
Microsoft Visual Studio Solution File, Format Version 12.00
# Visual Studio Version 17
VisualStudioVersion = 17.11.35327.3
MinimumVisualStudioVersion = 10.0.40219.1
Project("{FAE04EC0-301F-11D3-BF4B-00C04F79EFBC}") = "Payment-Shipping System", "Payment-Shipping System.csproj", "{6E6EA583-96BC-4544-95EA-66D12540D013}"
EndProject
Global
	GlobalSection(SolutionConfigurationPlatforms) = preSolution
		Debug|Any CPU = Debug|Any CPU
		Release|Any CPU = Release|Any CPU
	EndGlobalSection
	GlobalSection(ProjectConfigurationPlatforms) = postSolution
		{6E6EA583-96BC-4544-95EA-66D12540D013}.Debug|Any CPU.ActiveCfg = Debug|Any CPU
		{6E6EA583-96BC-4544-95EA-66D12540D013}.Debug|Any CPU.Build.0 = Debug|Any CPU
		{6E6EA583-96BC-4544-95EA-66D12540D013}.Release|Any CPU.ActiveCfg = Release|Any CPU
		{6E6EA583-96BC-4544-95EA-66D12540D013}.Release|Any CPU.Build.0 = Release|Any CPU
	EndGlobalSection
	GlobalSection(SolutionProperties) = preSolution
		HideSolutionNode = FALSE
	EndGlobalSection
	GlobalSection(ExtensibilityGlobals) = postSolution
		SolutionGuid = {6341435F-3D61-4DAF-AB51-19C634CA18CA}
	EndGlobalSection
EndGlobal
